
Microsoft Visual Studio Solution File, Format Version 12.00
# Visual Studio Version 17
VisualStudioVersion = 17.2.32630.192
MinimumVisualStudioVersion = 10.0.40219.1
Project("{9A19103F-16F7-4668-BE54-9A1E7A4F7556}") = "CognitiveService.ComputerVision", "CognitiveService.ComputerVision\CognitiveService.ComputerVision.csproj", "{E6512EAA-D26A-474A-9DE8-80B1608C6126}"
EndProject
Global
	GlobalSection(SolutionConfigurationPlatforms) = preSolution
		Debug|Any CPU = Debug|Any CPU
		Release|Any CPU = Release|Any CPU
	EndGlobalSection
	GlobalSection(ProjectConfigurationPlatforms) = postSolution
		{E6512EAA-D26A-474A-9DE8-80B1608C6126}.Debug|Any CPU.ActiveCfg = Debug|Any CPU
		{E6512EAA-D26A-474A-9DE8-80B1608C6126}.Debug|Any CPU.Build.0 = Debug|Any CPU
		{E6512EAA-D26A-474A-9DE8-80B1608C6126}.Release|Any CPU.ActiveCfg = Release|Any CPU
		{E6512EAA-D26A-474A-9DE8-80B1608C6126}.Release|Any CPU.Build.0 = Release|Any CPU
	EndGlobalSection
	GlobalSection(SolutionProperties) = preSolution
		HideSolutionNode = FALSE
	EndGlobalSection
	GlobalSection(ExtensibilityGlobals) = postSolution
		SolutionGuid = {0C949DD1-5348-4BDF-A1EF-0754644F9113}
	EndGlobalSection
EndGlobal
